
Microsoft Visual Studio Solution File, Format Version 12.00
# Visual Studio Version 17
VisualStudioVersion = 17.6.33815.320
MinimumVisualStudioVersion = 10.0.40219.1
Project("{FAE04EC0-301F-11D3-BF4B-00C04F79EFBC}") = "PhoneWebBook", "PhoneWebBook\PhoneWebBook.csproj", "{3CF6ED56-97B2-4B66-B264-835558440D19}"
EndProject
Global
	GlobalSection(SolutionConfigurationPlatforms) = preSolution
		Debug|Any CPU = Debug|Any CPU
		Release|Any CPU = Release|Any CPU
	EndGlobalSection
	GlobalSection(ProjectConfigurationPlatforms) = postSolution
		{3CF6ED56-97B2-4B66-B264-835558440D19}.Debug|Any CPU.ActiveCfg = Debug|Any CPU
		{3CF6ED56-97B2-4B66-B264-835558440D19}.Debug|Any CPU.Build.0 = Debug|Any CPU
		{3CF6ED56-97B2-4B66-B264-835558440D19}.Release|Any CPU.ActiveCfg = Release|Any CPU
		{3CF6ED56-97B2-4B66-B264-835558440D19}.Release|Any CPU.Build.0 = Release|Any CPU
	EndGlobalSection
	GlobalSection(SolutionProperties) = preSolution
		HideSolutionNode = FALSE
	EndGlobalSection
	GlobalSection(ExtensibilityGlobals) = postSolution
		SolutionGuid = {2B477400-0204-4E64-994A-3E33F483B274}
	EndGlobalSection
EndGlobal
